
Microsoft Visual Studio Solution File, Format Version 10.00
# Visual C++ Express 2008
Project("{8BC9CEB8-8B4A-11D0-8D11-00A0C91BC942}") = "BreakoutGame", "BreakoutGame\BreakoutGame.vcproj", "{10A26D40-DD08-41B0-A594-676ECCE7E872}"
EndProject
Global
	GlobalSection(SolutionConfigurationPlatforms) = preSolution
		Debug|Win32 = Debug|Win32
		Release|Win32 = Release|Win32
	EndGlobalSection
	GlobalSection(ProjectConfigurationPlatforms) = postSolution
		{10A26D40-DD08-41B0-A594-676ECCE7E872}.Debug|Win32.ActiveCfg = Debug|Win32
		{10A26D40-DD08-41B0-A594-676ECCE7E872}.Debug|Win32.Build.0 = Debug|Win32
		{10A26D40-DD08-41B0-A594-676ECCE7E872}.Release|Win32.ActiveCfg = Release|Win32
		{10A26D40-DD08-41B0-A594-676ECCE7E872}.Release|Win32.Build.0 = Release|Win32
	EndGlobalSection
	GlobalSection(SolutionProperties) = preSolution
		HideSolutionNode = FALSE
	EndGlobalSection
EndGlobal
